# Generated by pub
# See https://www.dartlang.org/tools/pub/glossary#lockfile
packages:
  charcode:
    dependency: transitive
    description:
      name: charcode
      url: "https://pub.dartlang.org"
    source: hosted
    version: "1.1.2"
  collection:
    dependency: transitive
    description:
      name: collection
      url: "https://pub.dartlang.org"
    source: hosted
    version: "1.14.11"
  convert:
    dependency: transitive
    description:
      name: convert
      url: "https://pub.dartlang.org"
    source: hosted
    version: "2.0.2"
  crypt:
    dependency: "direct main"
    description:
      name: crypt
      url: "https://pub.dartlang.org"
    source: hosted
    version: "1.0.7"
  crypto:
    dependency: transitive
    description:
      name: crypto
      url: "https://pub.dartlang.org"
    source: hosted
    version: "2.0.6"
  dart2_constant:
    dependency: transitive
    description:
      name: dart2_constant
      url: "https://pub.dartlang.org"
    source: hosted
    version: "1.0.2+dart2"
  logging:
    dependency: transitive
    description:
      name: logging
      url: "https://pub.dartlang.org"
    source: hosted
    version: "0.11.3+2"
  path:
    dependency: transitive
    description:
      name: path
      url: "https://pub.dartlang.org"
    source: hosted
    version: "1.6.2"
  sembast:
    dependency: "direct main"
    description:
      name: sembast
      url: "https://pub.dartlang.org"
    source: hosted
    version: "1.9.1+1"
  synchronized:
    dependency: transitive
    description:
      name: synchronized
      url: "https://pub.dartlang.org"
    source: hosted
    version: "1.5.1+1"
  typed_data:
    dependency: transitive
    description:
      name: typed_data
      url: "https://pub.dartlang.org"
    source: hosted
    version: "1.1.6"
sdks:
  dart: ">=2.0.0-dev.62.0 <3.0.0"
